// !$*UTF8*$!
{
	archiveVersion = 1;
	classes = {
	};
	objectVersion = 50;
	objects = {

/* Begin PBXBuildFile section */
		9BD412DB24F55F0800C312D4 /* AppDelegate.swift in Sources */ = {isa = PBXBuildFile; fileRef = 9BD412DA24F55F0800C312D4 /* AppDelegate.swift */; };
		9BD412DD24F55F0800C312D4 /* ViewController.swift in Sources */ = {isa = PBXBuildFile; fileRef = 9BD412DC24F55F0800C312D4 /* ViewController.swift */; };
		9BD412E024F55F0800C312D4 /* Main.storyboard in Resources */ = {isa = PBXBuildFile; fileRef = 9BD412DE24F55F0800C312D4 /* Main.storyboard */; };
		9BD412E224F55F0900C312D4 /* Assets.xcassets in Resources */ = {isa = PBXBuildFile; fileRef = 9BD412E124F55F0900C312D4 /* Assets.xcassets */; };
		9BD412E524F55F0900C312D4 /* LaunchScreen.storyboard in Resources */ = {isa = PBXBuildFile; fileRef = 9BD412E324F55F0900C312D4 /* LaunchScreen.storyboard */; };
		9BD412EF24F55FCA00C312D4 /* Protocols.swift in Sources */ = {isa = PBXBuildFile; fileRef = 9BD412EE24F55FCA00C312D4 /* Protocols.swift */; };
/* End PBXBuildFile section */

/* Begin PBXFileReference section */
		9BD412D724F55F0800C312D4 /* RobotsPencils.app */ = {isa = PBXFileReference; explicitFileType = wrapper.application; includeInIndex = 0; path = RobotsPencils.app; sourceTree = BUILT_PRODUCTS_DIR; };
		9BD412DA24F55F0800C312D4 /* AppDelegate.swift */ = {isa = PBXFileReference; lastKnownFileType = sourcecode.swift; path = AppDelegate.swift; sourceTree = "<group>"; };
		9BD412DC24F55F0800C312D4 /* ViewController.swift */ = {isa = PBXFileReference; lastKnownFileType = sourcecode.swift; path = ViewController.swift; sourceTree = "<group>"; };
		9BD412DF24F55F0800C312D4 /* Base */ = {isa = PBXFileReference; lastKnownFileType = file.storyboard; name = Base; path = Base.lproj/Main.storyboard; sourceTree = "<group>"; };
		9BD412E124F55F0900C312D4 /* Assets.xcassets */ = {isa = PBXFileReference; lastKnownFileType = folder.assetcatalog; path = Assets.xcassets; sourceTree = "<group>"; };
		9BD412E424F55F0900C312D4 /* Base */ = {isa = PBXFileReference; lastKnownFileType = file.storyboard; name = Base; path = Base.lproj/LaunchScreen.storyboard; sourceTree = "<group>"; };
		9BD412E624F55F0900C312D4 /* Info.plist */ = {isa = PBXFileReference; lastKnownFileType = text.plist.xml; path = Info.plist; sourceTree = "<group>"; };
		9BD412EE24F55FCA00C312D4 /* Protocols.swift */ = {isa = PBXFileReference; lastKnownFileType = sourcecode.swift; path = Protocols.swift; sourceTree = "<group>"; };
/* End PBXFileReference section */

/* Begin PBXFrameworksBuildPhase section */
		9BD412D424F55F0800C312D4 /* Frameworks */ = {
			isa = PBXFrameworksBuildPhase;
			buildActionMask = 2147483647;
			files = (
			);
			runOnlyForDeploymentPostprocessing = 0;
		};
/* End PBXFrameworksBuildPhase section */

/* Begin PBXGroup section */
		9BD412CE24F55F0800C312D4 = {
			isa = PBXGroup;
			children = (
				9BD412D924F55F0800C312D4 /* RobotsPencils */,
				9BD412D824F55F0800C312D4 /* Products */,
			);
			sourceTree = "<group>";
		};
		9BD412D824F55F0800C312D4 /* Products */ = {
			isa = PBXGroup;
			children = (
				9BD412D724F55F0800C312D4 /* RobotsPencils.app */,
			);
			name = Products;
			sourceTree = "<group>";
		};
		9BD412D924F55F0800C312D4 /* RobotsPencils */ = {
			isa = PBXGroup;
			children = (
				9BD412EC24F55F5F00C312D4 /* MyDesign */,
				9BD412DA24F55F0800C312D4 /* AppDelegate.swift */,
				9BD412DC24F55F0800C312D4 /* ViewController.swift */,
				9BD412DE24F55F0800C312D4 /* Main.storyboard */,
				9BD412E124F55F0900C312D4 /* Assets.xcassets */,
				9BD412E324F55F0900C312D4 /* LaunchScreen.storyboard */,
				9BD412E624F55F0900C312D4 /* Info.plist */,
			);
			path = RobotsPencils;
			sourceTree = "<group>";
		};
		9BD412EC24F55F5F00C312D4 /* MyDesign */ = {
			isa = PBXGroup;
			children = (
				9BD412EE24F55FCA00C312D4 /* Protocols.swift */,
			);
			path = MyDesign;
			sourceTree = "<group>";
		};
/* End PBXGroup section */

/* Begin PBXNativeTarget section */
		9BD412D624F55F0800C312D4 /* RobotsPencils */ = {
			isa = PBXNativeTarget;
			buildConfigurationList = 9BD412E924F55F0900C312D4 /* Build configuration list for PBXNativeTarget "RobotsPencils" */;
			buildPhases = (
				9BD412D324F55F0800C312D4 /* Sources */,
				9BD412D424F55F0800C312D4 /* Frameworks */,
				9BD412D524F55F0800C312D4 /* Resources */,
			);
			buildRules = (
			);
			dependencies = (
			);
			name = RobotsPencils;
			productName = RobotsPencils;
			productReference = 9BD412D724F55F0800C312D4 /* RobotsPencils.app */;
			productType = "com.apple.product-type.application";
		};
/* End PBXNativeTarget section */

/* Begin PBXProject section */
		9BD412CF24F55F0800C312D4 /* Project object */ = {
			isa = PBXProject;
			attributes = {
				LastSwiftUpdateCheck = 1030;
				LastUpgradeCheck = 1030;
				ORGANIZATIONNAME = boqiancheng;
				TargetAttributes = {
					9BD412D624F55F0800C312D4 = {
						CreatedOnToolsVersion = 10.3;
					};
				};
			};
			buildConfigurationList = 9BD412D224F55F0800C312D4 /* Build configuration list for PBXProject "RobotsPencils" */;
			compatibilityVersion = "Xcode 9.3";
			developmentRegion = en;
			hasScannedForEncodings = 0;
			knownRegions = (
				en,
				Base,
			);
			mainGroup = 9BD412CE24F55F0800C312D4;
			productRefGroup = 9BD412D824F55F0800C312D4 /* Products */;
			projectDirPath = "";
			projectRoot = "";
			targets = (
				9BD412D624F55F0800C312D4 /* RobotsPencils */,
			);
		};
/* End PBXProject section */

/* Begin PBXResourcesBuildPhase section */
		9BD412D524F55F0800C312D4 /* Resources */ = {
			isa = PBXResourcesBuildPhase;
			buildActionMask = 2147483647;
			files = (
				9BD412E524F55F0900C312D4 /* LaunchScreen.storyboard in Resources */,
				9BD412E224F55F0900C312D4 /* Assets.xcassets in Resources */,
				9BD412E024F55F0800C312D4 /* Main.storyboard in Resources */,
			);
			runOnlyForDeploymentPostprocessing = 0;
		};
/* End PBXResourcesBuildPhase section */

/* Begin PBXSourcesBuildPhase section */
		9BD412D324F55F0800C312D4 /* Sources */ = {
			isa = PBXSourcesBuildPhase;
			buildActionMask = 2147483647;
			files = (
				9BD412EF24F55FCA00C312D4 /* Protocols.swift in Sources */,
				9BD412DD24F55F0800C312D4 /* ViewController.swift in Sources */,
				9BD412DB24F55F0800C312D4 /* AppDelegate.swift in Sources */,
			);
			runOnlyForDeploymentPostprocessing = 0;
		};
/* End PBXSourcesBuildPhase section */

/* Begin PBXVariantGroup section */
		9BD412DE24F55F0800C312D4 /* Main.storyboard */ = {
			isa = PBXVariantGroup;
			children = (
				9BD412DF24F55F0800C312D4 /* Base */,
			);
			name = Main.storyboard;
			sourceTree = "<group>";
		};
		9BD412E324F55F0900C312D4 /* LaunchScreen.storyboard */ = {
			isa = PBXVariantGroup;
			children = (
				9BD412E424F55F0900C312D4 /* Base */,
			);
			name = LaunchScreen.storyboard;
			sourceTree = "<group>";
		};
/* End PBXVariantGroup section */

/* Begin XCBuildConfiguration section */
		9BD412E724F55F0900C312D4 /* Debug */ = {
			isa = XCBuildConfiguration;
			buildSettings = {
				ALWAYS_SEARCH_USER_PATHS = NO;
				CLANG_ANALYZER_NONNULL = YES;
				CLANG_ANALYZER_NUMBER_OBJECT_CONVERSION = YES_AGGRESSIVE;
				CLANG_CXX_LANGUAGE_STANDARD = "gnu++14";
				CLANG_CXX_LIBRARY = "libc++";
				CLANG_ENABLE_MODULES = YES;
				CLANG_ENABLE_OBJC_ARC = YES;
				CLANG_ENABLE_OBJC_WEAK = YES;
				CLANG_WARN_BLOCK_CAPTURE_AUTORELEASING = YES;
				CLANG_WARN_BOOL_CONVERSION = YES;
				CLANG_WARN_COMMA = YES;
				CLANG_WARN_CONSTANT_CONVERSION = YES;
				CLANG_WARN_DEPRECATED_OBJC_IMPLEMENTATIONS = YES;
				CLANG_WARN_DIRECT_OBJC_ISA_USAGE = YES_ERROR;
				CLANG_WARN_DOCUMENTATION_COMMENTS = YES;
				CLANG_WARN_EMPTY_BODY = YES;
				CLANG_WARN_ENUM_CONVERSION = YES;
				CLANG_WARN_INFINITE_RECURSION = YES;
				CLANG_WARN_INT_CONVERSION = YES;
				CLANG_WARN_NON_LITERAL_NULL_CONVERSION = YES;
				CLANG_WARN_OBJC_IMPLICIT_RETAIN_SELF = YES;
				CLANG_WARN_OBJC_LITERAL_CONVERSION = YES;
				CLANG_WARN_OBJC_ROOT_CLASS = YES_ERROR;
				CLANG_WARN_RANGE_LOOP_ANALYSIS = YES;
				CLANG_WARN_STRICT_PROTOTYPES = YES;
				CLANG_WARN_SUSPICIOUS_MOVE = YES;
				CLANG_WARN_UNGUARDED_AVAILABILITY = YES_AGGRESSIVE;
				CLANG_WARN_UNREACHABLE_CODE = YES;
				CLANG_WARN__DUPLICATE_METHOD_MATCH = YES;
				CODE_SIGN_IDENTITY = "iPhone Developer";
				COPY_PHASE_STRIP = NO;
				DEBUG_INFORMATION_FORMAT = dwarf;
				ENABLE_STRICT_OBJC_MSGSEND = YES;
				ENABLE_TESTABILITY = YES;
				GCC_C_LANGUAGE_STANDARD = gnu11;
				GCC_DYNAMIC_NO_PIC = NO;
				GCC_NO_COMMON_BLOCKS = YES;
				GCC_OPTIMIZATION_LEVEL = 0;
				GCC_PREPROCESSOR_DEFINITIONS = (
					"DEBUG=1",
					"$(inherited)",
				);
				GCC_WARN_64_TO_32_BIT_CONVERSION = YES;
				GCC_WARN_ABOUT_RETURN_TYPE = YES_ERROR;
				GCC_WARN_UNDECLARED_SELECTOR = YES;
				GCC_WARN_UNINITIALIZED_AUTOS = YES_AGGRESSIVE;
				GCC_WARN_UNUSED_FUNCTION = YES;
				GCC_WARN_UNUSED_VARIABLE = YES;
				IPHONEOS_DEPLOYMENT_TARGET = 12.4;
				MTL_ENABLE_DEBUG_INFO = INCLUDE_SOURCE;
				MTL_FAST_MATH = YES;
				ONLY_ACTIVE_ARCH = YES;
				SDKROOT = iphoneos;
				SWIFT_ACTIVE_COMPILATION_CONDITIONS = DEBUG;
				SWIFT_OPTIMIZATION_LEVEL = "-Onone";
			};
			name = Debug;
		};
		9BD412E824F55F0900C312D4 /* Release */ = {
			isa = XCBuildConfiguration;
			buildSettings = {
				ALWAYS_SEARCH_USER_PATHS = NO;
				CLANG_ANALYZER_NONNULL = YES;
				CLANG_ANALYZER_NUMBER_OBJECT_CONVERSION = YES_AGGRESSIVE;
				CLANG_CXX_LANGUAGE_STANDARD = "gnu++14";
				CLANG_CXX_LIBRARY = "libc++";
				CLANG_ENABLE_MODULES = YES;
				CLANG_ENABLE_OBJC_ARC = YES;
				CLANG_ENABLE_OBJC_WEAK = YES;
				CLANG_WARN_BLOCK_CAPTURE_AUTORELEASING = YES;
				CLANG_WARN_BOOL_CONVERSION = YES;
				CLANG_WARN_COMMA = YES;
				CLANG_WARN_CONSTANT_CONVERSION = YES;
				CLANG_WARN_DEPRECATED_OBJC_IMPLEMENTATIONS = YES;
				CLANG_WARN_DIRECT_OBJC_ISA_USAGE = YES_ERROR;
				CLANG_WARN_DOCUMENTATION_COMMENTS = YES;
				CLANG_WARN_EMPTY_BODY = YES;
				CLANG_WARN_ENUM_CONVERSION = YES;
				CLANG_WARN_INFINITE_RECURSION = YES;
				CLANG_WARN_INT_CONVERSION = YES;
				CLANG_WARN_NON_LITERAL_NULL_CONVERSION = YES;
				CLANG_WARN_OBJC_IMPLICIT_RETAIN_SELF = YES;
				CLANG_WARN_OBJC_LITERAL_CONVERSION = YES;
				CLANG_WARN_OBJC_ROOT_CLASS = YES_ERROR;
				CLANG_WARN_RANGE_LOOP_ANALYSIS = YES;
				CLANG_WARN_STRICT_PROTOTYPES = YES;
				CLANG_WARN_SUSPICIOUS_MOVE = YES;
				CLANG_WARN_UNGUARDED_AVAILABILITY = YES_AGGRESSIVE;
				CLANG_WARN_UNREACHABLE_CODE = YES;
				CLANG_WARN__DUPLICATE_METHOD_MATCH = YES;
				CODE_SIGN_IDENTITY = "iPhone Developer";
				COPY_PHASE_STRIP = NO;
				DEBUG_INFORMATION_FORMAT = "dwarf-with-dsym";
				ENABLE_NS_ASSERTIONS = NO;
				ENABLE_STRICT_OBJC_MSGSEND = YES;
				GCC_C_LANGUAGE_STANDARD = gnu11;
				GCC_NO_COMMON_BLOCKS = YES;
				GCC_WARN_64_TO_32_BIT_CONVERSION = YES;
				GCC_WARN_ABOUT_RETURN_TYPE = YES_ERROR;
				GCC_WARN_UNDECLARED_SELECTOR = YES;
				GCC_WARN_UNINITIALIZED_AUTOS = YES_AGGRESSIVE;
				GCC_WARN_UNUSED_FUNCTION = YES;
				GCC_WARN_UNUSED_VARIABLE = YES;
				IPHONEOS_DEPLOYMENT_TARGET = 12.4;
				MTL_ENABLE_DEBUG_INFO = NO;
				MTL_FAST_MATH = YES;
				SDKROOT = iphoneos;
				SWIFT_COMPILATION_MODE = wholemodule;
				SWIFT_OPTIMIZATION_LEVEL = "-O";
				VALIDATE_PRODUCT = YES;
			};
			name = Release;
		};
		9BD412EA24F55F0900C312D4 /* Debug */ = {
			isa = XCBuildConfiguration;
			buildSettings = {
				ASSETCATALOG_COMPILER_APPICON_NAME = AppIcon;
				CODE_SIGN_STYLE = Automatic;
				DEVELOPMENT_TEAM = B3L9Z83YP6;
				INFOPLIST_FILE = RobotsPencils/Info.plist;
				LD_RUNPATH_SEARCH_PATHS = (
					"$(inherited)",
					"@executable_path/Frameworks",
				);
				PRODUCT_BUNDLE_IDENTIFIER = com.boqiancheng.www.RobotsPencils;
				PRODUCT_NAME = "$(TARGET_NAME)";
				SWIFT_VERSION = 5.0;
				TARGETED_DEVICE_FAMILY = "1,2";
			};
			name = Debug;
		};
		9BD412EB24F55F0900C312D4 /* Release */ = {
			isa = XCBuildConfiguration;
			buildSettings = {
				ASSETCATALOG_COMPILER_APPICON_NAME = AppIcon;
				CODE_SIGN_STYLE = Automatic;
				DEVELOPMENT_TEAM = B3L9Z83YP6;
				INFOPLIST_FILE = RobotsPencils/Info.plist;
				LD_RUNPATH_SEARCH_PATHS = (
					"$(inherited)",
					"@executable_path/Frameworks",
				);
				PRODUCT_BUNDLE_IDENTIFIER = com.boqiancheng.www.RobotsPencils;
				PRODUCT_NAME = "$(TARGET_NAME)";
				SWIFT_VERSION = 5.0;
				TARGETED_DEVICE_FAMILY = "1,2";
			};
			name = Release;
		};
/* End XCBuildConfiguration section */

/* Begin XCConfigurationList section */
		9BD412D224F55F0800C312D4 /* Build configuration list for PBXProject "RobotsPencils" */ = {
			isa = XCConfigurationList;
			buildConfigurations = (
				9BD412E724F55F0900C312D4 /* Debug */,
				9BD412E824F55F0900C312D4 /* Release */,
			);
			defaultConfigurationIsVisible = 0;
			defaultConfigurationName = Release;
		};
		9BD412E924F55F0900C312D4 /* Build configuration list for PBXNativeTarget "RobotsPencils" */ = {
			isa = XCConfigurationList;
			buildConfigurations = (
				9BD412EA24F55F0900C312D4 /* Debug */,
				9BD412EB24F55F0900C312D4 /* Release */,
			);
			defaultConfigurationIsVisible = 0;
			defaultConfigurationName = Release;
		};
/* End XCConfigurationList section */
	};
	rootObject = 9BD412CF24F55F0800C312D4 /* Project object */;
}
